// !$*UTF8*$!
{
	archiveVersion = 1;
	classes = {
	};
	objectVersion = 46;
	objects = {

/* Begin PBXBuildFile section */
		4C2B1D811DFD52A500F633ED /* LJPasswordViewController.xib in Resources */ = {isa = PBXBuildFile; fileRef = 4C2B1D831DFD52A500F633ED /* LJPasswordViewController.xib */; };
		4C2B1D8A1DFF8AFF00F633ED /* HYFangLiJ.ttf in Resources */ = {isa = PBXBuildFile; fileRef = 4C2B1D891DFF8AFF00F633ED /* HYFangLiJ.ttf */; };
		4C2B1D8E1DFF9CEA00F633ED /* Droid San.ttf in Resources */ = {isa = PBXBuildFile; fileRef = 4C2B1D8D1DFF9CEA00F633ED /* Droid San.ttf */; };
		4C68C82B1DB4C14800B4E835 /* LJEditViewController.m in Sources */ = {isa = PBXBuildFile; fileRef = 4C68C82A1DB4C14800B4E835 /* LJEditViewController.m */; };
		4C97F02A1DFA4DBD00396810 /* Localizable.strings in Resources */ = {isa = PBXBuildFile; fileRef = 4C97F02C1DFA4DBD00396810 /* Localizable.strings */; };
		4CA9E9C71DC7260200C807DD /* FSCalendar+Deprecated.m in Sources */ = {isa = PBXBuildFile; fileRef = 4CA9E9AE1DC7260200C807DD /* FSCalendar+Deprecated.m */; };
		4CA9E9C81DC7260200C807DD /* FSCalendar.m in Sources */ = {isa = PBXBuildFile; fileRef = 4CA9E9B01DC7260200C807DD /* FSCalendar.m */; };
		4CA9E9C91DC7260200C807DD /* FSCalendarAnimator.m in Sources */ = {isa = PBXBuildFile; fileRef = 4CA9E9B21DC7260200C807DD /* FSCalendarAnimator.m */; };
		4CA9E9CA1DC7260200C807DD /* FSCalendarAppearance.m in Sources */ = {isa = PBXBuildFile; fileRef = 4CA9E9B41DC7260200C807DD /* FSCalendarAppearance.m */; };
		4CA9E9CB1DC7260200C807DD /* FSCalendarCell.m in Sources */ = {isa = PBXBuildFile; fileRef = 4CA9E9B61DC7260200C807DD /* FSCalendarCell.m */; };
		4CA9E9CC1DC7260200C807DD /* FSCalendarCollectionView.m in Sources */ = {isa = PBXBuildFile; fileRef = 4CA9E9B81DC7260200C807DD /* FSCalendarCollectionView.m */; };
		4CA9E9CD1DC7260200C807DD /* FSCalendarCollectionViewLayout.m in Sources */ = {isa = PBXBuildFile; fileRef = 4CA9E9BA1DC7260200C807DD /* FSCalendarCollectionViewLayout.m */; };
		4CA9E9CE1DC7260200C807DD /* FSCalendarConstants.m in Sources */ = {isa = PBXBuildFile; fileRef = 4CA9E9BC1DC7260200C807DD /* FSCalendarConstants.m */; };
		4CA9E9CF1DC7260200C807DD /* FSCalendarExtensions.m in Sources */ = {isa = PBXBuildFile; fileRef = 4CA9E9BF1DC7260200C807DD /* FSCalendarExtensions.m */; };
		4CA9E9D01DC7260200C807DD /* FSCalendarHeader.m in Sources */ = {isa = PBXBuildFile; fileRef = 4CA9E9C11DC7260200C807DD /* FSCalendarHeader.m */; };
		4CA9E9D11DC7260200C807DD /* FSCalendarScopeHandle.m in Sources */ = {isa = PBXBuildFile; fileRef = 4CA9E9C31DC7260200C807DD /* FSCalendarScopeHandle.m */; };
		4CA9E9D21DC7260200C807DD /* FSCalendarStickyHeader.m in Sources */ = {isa = PBXBuildFile; fileRef = 4CA9E9C51DC7260200C807DD /* FSCalendarStickyHeader.m */; };
		4CA9E9D51DC73C9500C807DD /* Info.plist in Resources */ = {isa = PBXBuildFile; fileRef = 4CA9E9D41DC73C9500C807DD /* Info.plist */; };
		4CAF3CA71DDEB71400C43569 /* LJFontSettingTableViewCell.m in Sources */ = {isa = PBXBuildFile; fileRef = 4CAF3CA41DDEB71400C43569 /* LJFontSettingTableViewCell.m */; };
		4CAF3CA81DDEB71400C43569 /* LJFontSettingViewController.m in Sources */ = {isa = PBXBuildFile; fileRef = 4CAF3CA61DDEB71400C43569 /* LJFontSettingViewController.m */; };
		4CAF3CAB1DE2D13D00C43569 /* LJSettingViewController.m in Sources */ = {isa = PBXBuildFile; fileRef = 4CAF3CAA1DE2D13D00C43569 /* LJSettingViewController.m */; };
		4CAF3CAE1DE2E24800C43569 /* passwordStore.m in Sources */ = {isa = PBXBuildFile; fileRef = 4CAF3CAD1DE2E24800C43569 /* passwordStore.m */; };
		4CAF3CB11DE2E88F00C43569 /* LJPasswordSettingViewController.m in Sources */ = {isa = PBXBuildFile; fileRef = 4CAF3CB01DE2E88E00C43569 /* LJPasswordSettingViewController.m */; };
		4CAF3CC01DE6CD7300C43569 /* LJPasswordViewController.m in Sources */ = {isa = PBXBuildFile; fileRef = 4CAF3CBE1DE6CD7300C43569 /* LJPasswordViewController.m */; };
		4CAF3CC41DEC2C4000C43569 /* password.m in Sources */ = {isa = PBXBuildFile; fileRef = 4CAF3CC31DEC2C4000C43569 /* password.m */; };
		4CB84B011EA4629900705FA8 /* CloudKit.framework in Frameworks */ = {isa = PBXBuildFile; fileRef = 4CB84B001EA4629900705FA8 /* CloudKit.framework */; };
		4CB84B071EAD994500705FA8 /* MBProgressHUD.m in Sources */ = {isa = PBXBuildFile; fileRef = 4CB84B061EAD994500705FA8 /* MBProgressHUD.m */; };
		4CD132B11CECAFF200EAA381 /* main.m in Sources */ = {isa = PBXBuildFile; fileRef = 4CD132B01CECAFF200EAA381 /* main.m */; };
		4CD132B41CECAFF200EAA381 /* AppDelegate.m in Sources */ = {isa = PBXBuildFile; fileRef = 4CD132B31CECAFF200EAA381 /* AppDelegate.m */; };
		4CD132D61CF4AD9B00EAA381 /* LJTabBar.m in Sources */ = {isa = PBXBuildFile; fileRef = 4CD132D51CF4AD9B00EAA381 /* LJTabBar.m */; };
		4CD132D91CF4AE7200EAA381 /* mainViewController.m in Sources */ = {isa = PBXBuildFile; fileRef = 4CD132D81CF4AE7200EAA381 /* mainViewController.m */; };
		4CD132DE1CF5934400EAA381 /* Main.storyboard in Resources */ = {isa = PBXBuildFile; fileRef = 4CD132DD1CF5934400EAA381 /* Main.storyboard */; };
		4CD133121CF5FE0600EAA381 /* LJTextViewController.m in Sources */ = {isa = PBXBuildFile; fileRef = 4CD133111CF5FE0600EAA381 /* LJTextViewController.m */; };
		4CD133151CFBF85700EAA381 /* LJJournalListTableViewController.m in Sources */ = {isa = PBXBuildFile; fileRef = 4CD133141CFBF85700EAA381 /* LJJournalListTableViewController.m */; };
		4CD133181D005F7300EAA381 /* LJCalendarViewController.m in Sources */ = {isa = PBXBuildFile; fileRef = 4CD133171D005F7300EAA381 /* LJCalendarViewController.m */; };
		4CD1331A1D006CD500EAA381 /* Assets.xcassets in Resources */ = {isa = PBXBuildFile; fileRef = 4CD133191D006CD500EAA381 /* Assets.xcassets */; };
		4CD133271D183C2000EAA381 /* LJTableViewCell.m in Sources */ = {isa = PBXBuildFile; fileRef = 4CD133251D183C2000EAA381 /* LJTableViewCell.m */; };
		4CD133281D183C2000EAA381 /* LJTableViewCell.xib in Resources */ = {isa = PBXBuildFile; fileRef = 4CD133261D183C2000EAA381 /* LJTableViewCell.xib */; };
		4CD1332B1D22C1A400EAA381 /* Model.xcdatamodeld in Sources */ = {isa = PBXBuildFile; fileRef = 4CD133291D22C1A400EAA381 /* Model.xcdatamodeld */; };
		4CD133301D22C73800EAA381 /* journal+CoreDataProperties.m in Sources */ = {isa = PBXBuildFile; fileRef = 4CD1332D1D22C73700EAA381 /* journal+CoreDataProperties.m */; };
		4CD133311D22C73800EAA381 /* journal.m in Sources */ = {isa = PBXBuildFile; fileRef = 4CD1332F1D22C73800EAA381 /* journal.m */; };
		4CD133341D22C9DD00EAA381 /* journalStore.m in Sources */ = {isa = PBXBuildFile; fileRef = 4CD133331D22C9DD00EAA381 /* journalStore.m */; };
/* End PBXBuildFile section */

/* Begin PBXFileReference section */
		4C2B1D821DFD52A500F633ED /* Base */ = {isa = PBXFileReference; lastKnownFileType = file.xib; name = Base; path = Base.lproj/LJPasswordViewController.xib; sourceTree = "<group>"; };
		4C2B1D851DFD52A900F633ED /* zh-Hans */ = {isa = PBXFileReference; lastKnownFileType = text.plist.strings; name = "zh-Hans"; path = "zh-Hans.lproj/LJPasswordViewController.strings"; sourceTree = "<group>"; };
		4C2B1D871DFD52C000F633ED /* en */ = {isa = PBXFileReference; lastKnownFileType = text.plist.strings; name = en; path = en.lproj/LJPasswordViewController.strings; sourceTree = "<group>"; };
		4C2B1D891DFF8AFF00F633ED /* HYFangLiJ.ttf */ = {isa = PBXFileReference; lastKnownFileType = file; path = HYFangLiJ.ttf; sourceTree = "<group>"; };
		4C2B1D8D1DFF9CEA00F633ED /* Droid San.ttf */ = {isa = PBXFileReference; lastKnownFileType = file; path = "Droid San.ttf"; sourceTree = "<group>"; };
		4C5E51701ECAD5B300BB513B /* zh-Hant */ = {isa = PBXFileReference; lastKnownFileType = text.plist.strings; name = "zh-Hant"; path = "zh-Hant.lproj/LJPasswordViewController.strings"; sourceTree = "<group>"; };
		4C5E51711ECAD5B300BB513B /* zh-Hant */ = {isa = PBXFileReference; lastKnownFileType = text.plist.strings; name = "zh-Hant"; path = "zh-Hant.lproj/Localizable.strings"; sourceTree = "<group>"; };
		4C68C8291DB4C14800B4E835 /* LJEditViewController.h */ = {isa = PBXFileReference; fileEncoding = 4; lastKnownFileType = sourcecode.c.h; path = LJEditViewController.h; sourceTree = "<group>"; };
		4C68C82A1DB4C14800B4E835 /* LJEditViewController.m */ = {isa = PBXFileReference; fileEncoding = 4; lastKnownFileType = sourcecode.c.objc; path = LJEditViewController.m; sourceTree = "<group>"; };
		4C97F02B1DFA4DBD00396810 /* en */ = {isa = PBXFileReference; lastKnownFileType = text.plist.strings; name = en; path = en.lproj/Localizable.strings; sourceTree = "<group>"; };
		4C97F02D1DFA4DBE00396810 /* zh-Hans */ = {isa = PBXFileReference; lastKnownFileType = text.plist.strings; name = "zh-Hans"; path = "zh-Hans.lproj/Localizable.strings"; sourceTree = "<group>"; };
		4C97F0331DFA52DD00396810 /* Info.plist */ = {isa = PBXFileReference; fileEncoding = 4; lastKnownFileType = text.plist.xml; path = Info.plist; sourceTree = "<group>"; };
		4CA9E9AE1DC7260200C807DD /* FSCalendar+Deprecated.m */ = {isa = PBXFileReference; fileEncoding = 4; lastKnownFileType = sourcecode.c.objc; path = "FSCalendar+Deprecated.m"; sourceTree = "<group>"; };
		4CA9E9AF1DC7260200C807DD /* FSCalendar.h */ = {isa = PBXFileReference; fileEncoding = 4; lastKnownFileType = sourcecode.c.h; path = FSCalendar.h; sourceTree = "<group>"; };
		4CA9E9B01DC7260200C807DD /* FSCalendar.m */ = {isa = PBXFileReference; fileEncoding = 4; lastKnownFileType = sourcecode.c.objc; path = FSCalendar.m; sourceTree = "<group>"; };
		4CA9E9B11DC7260200C807DD /* FSCalendarAnimator.h */ = {isa = PBXFileReference; fileEncoding = 4; lastKnownFileType = sourcecode.c.h; path = FSCalendarAnimator.h; sourceTree = "<group>"; };
		4CA9E9B21DC7260200C807DD /* FSCalendarAnimator.m */ = {isa = PBXFileReference; fileEncoding = 4; lastKnownFileType = sourcecode.c.objc; path = FSCalendarAnimator.m; sourceTree = "<group>"; };
		4CA9E9B31DC7260200C807DD /* FSCalendarAppearance.h */ = {isa = PBXFileReference; fileEncoding = 4; lastKnownFileType = sourcecode.c.h; path = FSCalendarAppearance.h; sourceTree = "<group>"; };
		4CA9E9B41DC7260200C807DD /* FSCalendarAppearance.m */ = {isa = PBXFileReference; fileEncoding = 4; lastKnownFileType = sourcecode.c.objc; path = FSCalendarAppearance.m; sourceTree = "<group>"; };
		4CA9E9B51DC7260200C807DD /* FSCalendarCell.h */ = {isa = PBXFileReference; fileEncoding = 4; lastKnownFileType = sourcecode.c.h; path = FSCalendarCell.h; sourceTree = "<group>"; };
		4CA9E9B61DC7260200C807DD /* FSCalendarCell.m */ = {isa = PBXFileReference; fileEncoding = 4; lastKnownFileType = sourcecode.c.objc; path = FSCalendarCell.m; sourceTree = "<group>"; };
		4CA9E9B71DC7260200C807DD /* FSCalendarCollectionView.h */ = {isa = PBXFileReference; fileEncoding = 4; lastKnownFileType = sourcecode.c.h; path = FSCalendarCollectionView.h; sourceTree = "<group>"; };
		4CA9E9B81DC7260200C807DD /* FSCalendarCollectionView.m */ = {isa = PBXFileReference; fileEncoding = 4; lastKnownFileType = sourcecode.c.objc; path = FSCalendarCollectionView.m; sourceTree = "<group>"; };
		4CA9E9B91DC7260200C807DD /* FSCalendarCollectionViewLayout.h */ = {isa = PBXFileReference; fileEncoding = 4; lastKnownFileType = sourcecode.c.h; path = FSCalendarCollectionViewLayout.h; sourceTree = "<group>"; };
		4CA9E9BA1DC7260200C807DD /* FSCalendarCollectionViewLayout.m */ = {isa = PBXFileReference; fileEncoding = 4; lastKnownFileType = sourcecode.c.objc; path = FSCalendarCollectionViewLayout.m; sourceTree = "<group>"; };
		4CA9E9BB1DC7260200C807DD /* FSCalendarConstants.h */ = {isa = PBXFileReference; fileEncoding = 4; lastKnownFileType = sourcecode.c.h; path = FSCalendarConstants.h; sourceTree = "<group>"; };
		4CA9E9BC1DC7260200C807DD /* FSCalendarConstants.m */ = {isa = PBXFileReference; fileEncoding = 4; lastKnownFileType = sourcecode.c.objc; path = FSCalendarConstants.m; sourceTree = "<group>"; };
		4CA9E9BD1DC7260200C807DD /* FSCalendarDynamicHeader.h */ = {isa = PBXFileReference; fileEncoding = 4; lastKnownFileType = sourcecode.c.h; path = FSCalendarDynamicHeader.h; sourceTree = "<group>"; };
		4CA9E9BE1DC7260200C807DD /* FSCalendarExtensions.h */ = {isa = PBXFileReference; fileEncoding = 4; lastKnownFileType = sourcecode.c.h; path = FSCalendarExtensions.h; sourceTree = "<group>"; };
		4CA9E9BF1DC7260200C807DD /* FSCalendarExtensions.m */ = {isa = PBXFileReference; fileEncoding = 4; lastKnownFileType = sourcecode.c.objc; path = FSCalendarExtensions.m; sourceTree = "<group>"; };
		4CA9E9C01DC7260200C807DD /* FSCalendarHeader.h */ = {isa = PBXFileReference; fileEncoding = 4; lastKnownFileType = sourcecode.c.h; path = FSCalendarHeader.h; sourceTree = "<group>"; };
		4CA9E9C11DC7260200C807DD /* FSCalendarHeader.m */ = {isa = PBXFileReference; fileEncoding = 4; lastKnownFileType = sourcecode.c.objc; path = FSCalendarHeader.m; sourceTree = "<group>"; };
		4CA9E9C21DC7260200C807DD /* FSCalendarScopeHandle.h */ = {isa = PBXFileReference; fileEncoding = 4; lastKnownFileType = sourcecode.c.h; path = FSCalendarScopeHandle.h; sourceTree = "<group>"; };
		4CA9E9C31DC7260200C807DD /* FSCalendarScopeHandle.m */ = {isa = PBXFileReference; fileEncoding = 4; lastKnownFileType = sourcecode.c.objc; path = FSCalendarScopeHandle.m; sourceTree = "<group>"; };
		4CA9E9C41DC7260200C807DD /* FSCalendarStickyHeader.h */ = {isa = PBXFileReference; fileEncoding = 4; lastKnownFileType = sourcecode.c.h; path = FSCalendarStickyHeader.h; sourceTree = "<group>"; };
		4CA9E9C51DC7260200C807DD /* FSCalendarStickyHeader.m */ = {isa = PBXFileReference; fileEncoding = 4; lastKnownFileType = sourcecode.c.objc; path = FSCalendarStickyHeader.m; sourceTree = "<group>"; };
		4CA9E9D41DC73C9500C807DD /* Info.plist */ = {isa = PBXFileReference; fileEncoding = 4; lastKnownFileType = text.plist.xml; path = Info.plist; sourceTree = "<group>"; };
		4CAF3CA31DDEB71400C43569 /* LJFontSettingTableViewCell.h */ = {isa = PBXFileReference; fileEncoding = 4; lastKnownFileType = sourcecode.c.h; path = LJFontSettingTableViewCell.h; sourceTree = "<group>"; };
		4CAF3CA41DDEB71400C43569 /* LJFontSettingTableViewCell.m */ = {isa = PBXFileReference; fileEncoding = 4; lastKnownFileType = sourcecode.c.objc; path = LJFontSettingTableViewCell.m; sourceTree = "<group>"; };
		4CAF3CA51DDEB71400C43569 /* LJFontSettingViewController.h */ = {isa = PBXFileReference; fileEncoding = 4; lastKnownFileType = sourcecode.c.h; path = LJFontSettingViewController.h; sourceTree = "<group>"; };
		4CAF3CA61DDEB71400C43569 /* LJFontSettingViewController.m */ = {isa = PBXFileReference; fileEncoding = 4; lastKnownFileType = sourcecode.c.objc; path = LJFontSettingViewController.m; sourceTree = "<group>"; };
		4CAF3CA91DE2D13D00C43569 /* LJSettingViewController.h */ = {isa = PBXFileReference; fileEncoding = 4; lastKnownFileType = sourcecode.c.h; path = LJSettingViewController.h; sourceTree = "<group>"; };
		4CAF3CAA1DE2D13D00C43569 /* LJSettingViewController.m */ = {isa = PBXFileReference; fileEncoding = 4; lastKnownFileType = sourcecode.c.objc; path = LJSettingViewController.m; sourceTree = "<group>"; };
		4CAF3CAC1DE2E24800C43569 /* passwordStore.h */ = {isa = PBXFileReference; fileEncoding = 4; lastKnownFileType = sourcecode.c.h; path = passwordStore.h; sourceTree = "<group>"; };
		4CAF3CAD1DE2E24800C43569 /* passwordStore.m */ = {isa = PBXFileReference; fileEncoding = 4; lastKnownFileType = sourcecode.c.objc; path = passwordStore.m; sourceTree = "<group>"; };
		4CAF3CAF1DE2E88E00C43569 /* LJPasswordSettingViewController.h */ = {isa = PBXFileReference; fileEncoding = 4; lastKnownFileType = sourcecode.c.h; path = LJPasswordSettingViewController.h; sourceTree = "<group>"; };
		4CAF3CB01DE2E88E00C43569 /* LJPasswordSettingViewController.m */ = {isa = PBXFileReference; fileEncoding = 4; lastKnownFileType = sourcecode.c.objc; path = LJPasswordSettingViewController.m; sourceTree = "<group>"; };
		4CAF3CBD1DE6CD7300C43569 /* LJPasswordViewController.h */ = {isa = PBXFileReference; fileEncoding = 4; lastKnownFileType = sourcecode.c.h; path = LJPasswordViewController.h; sourceTree = "<group>"; };
		4CAF3CBE1DE6CD7300C43569 /* LJPasswordViewController.m */ = {isa = PBXFileReference; fileEncoding = 4; lastKnownFileType = sourcecode.c.objc; path = LJPasswordViewController.m; sourceTree = "<group>"; };
		4CAF3CC21DEC2C4000C43569 /* password.h */ = {isa = PBXFileReference; fileEncoding = 4; lastKnownFileType = sourcecode.c.h; path = password.h; sourceTree = "<group>"; };
		4CAF3CC31DEC2C4000C43569 /* password.m */ = {isa = PBXFileReference; fileEncoding = 4; lastKnownFileType = sourcecode.c.objc; path = password.m; sourceTree = "<group>"; };
		4CB84AFB1E6E563600705FA8 /* Life Journey.entitlements */ = {isa = PBXFileReference; lastKnownFileType = text.plist.entitlements; path = "Life Journey.entitlements"; sourceTree = "<group>"; };
		4CB84B001EA4629900705FA8 /* CloudKit.framework */ = {isa = PBXFileReference; lastKnownFileType = wrapper.framework; name = CloudKit.framework; path = System/Library/Frameworks/CloudKit.framework; sourceTree = SDKROOT; };
		4CB84B051EAD994500705FA8 /* MBProgressHUD.h */ = {isa = PBXFileReference; fileEncoding = 4; lastKnownFileType = sourcecode.c.h; name = MBProgressHUD.h; path = FSCalendar/MBProgressHUD.h; sourceTree = "<group>"; };
		4CB84B061EAD994500705FA8 /* MBProgressHUD.m */ = {isa = PBXFileReference; fileEncoding = 4; lastKnownFileType = sourcecode.c.objc; name = MBProgressHUD.m; path = FSCalendar/MBProgressHUD.m; sourceTree = "<group>"; };
		4CD132AC1CECAFF200EAA381 /* Life Journey.app */ = {isa = PBXFileReference; explicitFileType = wrapper.application; includeInIndex = 0; path = "Life Journey.app"; sourceTree = BUILT_PRODUCTS_DIR; };
		4CD132B01CECAFF200EAA381 /* main.m */ = {isa = PBXFileReference; lastKnownFileType = sourcecode.c.objc; path = main.m; sourceTree = "<group>"; };
		4CD132B21CECAFF200EAA381 /* AppDelegate.h */ = {isa = PBXFileReference; lastKnownFileType = sourcecode.c.h; path = AppDelegate.h; sourceTree = "<group>"; };
		4CD132B31CECAFF200EAA381 /* AppDelegate.m */ = {isa = PBXFileReference; lastKnownFileType = sourcecode.c.objc; path = AppDelegate.m; sourceTree = "<group>"; };
		4CD132D41CF4AD9B00EAA381 /* LJTabBar.h */ = {isa = PBXFileReference; fileEncoding = 4; lastKnownFileType = sourcecode.c.h; path = LJTabBar.h; sourceTree = "<group>"; };
		4CD132D51CF4AD9B00EAA381 /* LJTabBar.m */ = {isa = PBXFileReference; fileEncoding = 4; lastKnownFileType = sourcecode.c.objc; path = LJTabBar.m; sourceTree = "<group>"; };
		4CD132D71CF4AE7200EAA381 /* mainViewController.h */ = {isa = PBXFileReference; fileEncoding = 4; lastKnownFileType = sourcecode.c.h; path = mainViewController.h; sourceTree = "<group>"; };
		4CD132D81CF4AE7200EAA381 /* mainViewController.m */ = {isa = PBXFileReference; fileEncoding = 4; lastKnownFileType = sourcecode.c.objc; path = mainViewController.m; sourceTree = "<group>"; };
		4CD132DD1CF5934400EAA381 /* Main.storyboard */ = {isa = PBXFileReference; fileEncoding = 4; lastKnownFileType = file.storyboard; path = Main.storyboard; sourceTree = "<group>"; };
		4CD133101CF5FE0600EAA381 /* LJTextViewController.h */ = {isa = PBXFileReference; fileEncoding = 4; lastKnownFileType = sourcecode.c.h; path = LJTextViewController.h; sourceTree = "<group>"; };
		4CD133111CF5FE0600EAA381 /* LJTextViewController.m */ = {isa = PBXFileReference; fileEncoding = 4; lastKnownFileType = sourcecode.c.objc; path = LJTextViewController.m; sourceTree = "<group>"; };
		4CD133131CFBF85700EAA381 /* LJJournalListTableViewController.h */ = {isa = PBXFileReference; fileEncoding = 4; lastKnownFileType = sourcecode.c.h; path = LJJournalListTableViewController.h; sourceTree = "<group>"; };
		4CD133141CFBF85700EAA381 /* LJJournalListTableViewController.m */ = {isa = PBXFileReference; fileEncoding = 4; lastKnownFileType = sourcecode.c.objc; path = LJJournalListTableViewController.m; sourceTree = "<group>"; };
		4CD133161D005F7300EAA381 /* LJCalendarViewController.h */ = {isa = PBXFileReference; fileEncoding = 4; lastKnownFileType = sourcecode.c.h; path = LJCalendarViewController.h; sourceTree = "<group>"; };
		4CD133171D005F7300EAA381 /* LJCalendarViewController.m */ = {isa = PBXFileReference; fileEncoding = 4; lastKnownFileType = sourcecode.c.objc; path = LJCalendarViewController.m; sourceTree = "<group>"; };
		4CD133191D006CD500EAA381 /* Assets.xcassets */ = {isa = PBXFileReference; lastKnownFileType = folder.assetcatalog; path = Assets.xcassets; sourceTree = "<group>"; };
		4CD133241D183C2000EAA381 /* LJTableViewCell.h */ = {isa = PBXFileReference; fileEncoding = 4; lastKnownFileType = sourcecode.c.h; path = LJTableViewCell.h; sourceTree = "<group>"; };
		4CD133251D183C2000EAA381 /* LJTableViewCell.m */ = {isa = PBXFileReference; fileEncoding = 4; lastKnownFileType = sourcecode.c.objc; path = LJTableViewCell.m; sourceTree = "<group>"; };
		4CD133261D183C2000EAA381 /* LJTableViewCell.xib */ = {isa = PBXFileReference; fileEncoding = 4; lastKnownFileType = file.xib; path = LJTableViewCell.xib; sourceTree = "<group>"; };
		4CD1332A1D22C1A400EAA381 /* Model.xcdatamodel */ = {isa = PBXFileReference; lastKnownFileType = wrapper.xcdatamodel; path = Model.xcdatamodel; sourceTree = "<group>"; };
		4CD1332C1D22C73700EAA381 /* journal+CoreDataProperties.h */ = {isa = PBXFileReference; fileEncoding = 4; lastKnownFileType = sourcecode.c.h; path = "journal+CoreDataProperties.h"; sourceTree = "<group>"; };
		4CD1332D1D22C73700EAA381 /* journal+CoreDataProperties.m */ = {isa = PBXFileReference; fileEncoding = 4; lastKnownFileType = sourcecode.c.objc; path = "journal+CoreDataProperties.m"; sourceTree = "<group>"; };
		4CD1332E1D22C73700EAA381 /* journal.h */ = {isa = PBXFileReference; fileEncoding = 4; lastKnownFileType = sourcecode.c.h; path = journal.h; sourceTree = "<group>"; };
		4CD1332F1D22C73800EAA381 /* journal.m */ = {isa = PBXFileReference; fileEncoding = 4; lastKnownFileType = sourcecode.c.objc; path = journal.m; sourceTree = "<group>"; };
		4CD133321D22C9DD00EAA381 /* journalStore.h */ = {isa = PBXFileReference; fileEncoding = 4; lastKnownFileType = sourcecode.c.h; path = journalStore.h; sourceTree = "<group>"; };
		4CD133331D22C9DD00EAA381 /* journalStore.m */ = {isa = PBXFileReference; fileEncoding = 4; lastKnownFileType = sourcecode.c.objc; path = journalStore.m; sourceTree = "<group>"; };
/* End PBXFileReference section */

/* Begin PBXFrameworksBuildPhase section */
		4CD132A91CECAFF200EAA381 /* Frameworks */ = {
			isa = PBXFrameworksBuildPhase;
			buildActionMask = 2147483647;
			files = (
				4CB84B011EA4629900705FA8 /* CloudKit.framework in Frameworks */,
			);
			runOnlyForDeploymentPostprocessing = 0;
		};
/* End PBXFrameworksBuildPhase section */

/* Begin PBXGroup section */
		4C0439D31DDC57BB00EF10E6 /* model */ = {
			isa = PBXGroup;
			children = (
				4CD1332C1D22C73700EAA381 /* journal+CoreDataProperties.h */,
				4CD1332D1D22C73700EAA381 /* journal+CoreDataProperties.m */,
				4CD1332E1D22C73700EAA381 /* journal.h */,
				4CD1332F1D22C73800EAA381 /* journal.m */,
				4CD133321D22C9DD00EAA381 /* journalStore.h */,
				4CD133331D22C9DD00EAA381 /* journalStore.m */,
				4CAF3CC21DEC2C4000C43569 /* password.h */,
				4CAF3CC31DEC2C4000C43569 /* password.m */,
				4CAF3CAC1DE2E24800C43569 /* passwordStore.h */,
				4CAF3CAD1DE2E24800C43569 /* passwordStore.m */,
				4CD133291D22C1A400EAA381 /* Model.xcdatamodeld */,
			);
			name = model;
			sourceTree = "<group>";
		};
		4C2B1D881DFF8AD400F633ED /* external fonts */ = {
			isa = PBXGroup;
			children = (
				4C2B1D891DFF8AFF00F633ED /* HYFangLiJ.ttf */,
				4C2B1D8D1DFF9CEA00F633ED /* Droid San.ttf */,
			);
			name = "external fonts";
			sourceTree = "<group>";
		};
		4CA9E9AD1DC7260200C807DD /* FSCalendar */ = {
			isa = PBXGroup;
			children = (
				4CA9E9AE1DC7260200C807DD /* FSCalendar+Deprecated.m */,
				4CA9E9AF1DC7260200C807DD /* FSCalendar.h */,
				4CA9E9B01DC7260200C807DD /* FSCalendar.m */,
				4CA9E9B11DC7260200C807DD /* FSCalendarAnimator.h */,
				4CA9E9B21DC7260200C807DD /* FSCalendarAnimator.m */,
				4CA9E9B31DC7260200C807DD /* FSCalendarAppearance.h */,
				4CA9E9B41DC7260200C807DD /* FSCalendarAppearance.m */,
				4CA9E9B51DC7260200C807DD /* FSCalendarCell.h */,
				4CA9E9B61DC7260200C807DD /* FSCalendarCell.m */,
				4CA9E9B71DC7260200C807DD /* FSCalendarCollectionView.h */,
				4CA9E9B81DC7260200C807DD /* FSCalendarCollectionView.m */,
				4CA9E9B91DC7260200C807DD /* FSCalendarCollectionViewLayout.h */,
				4CA9E9BA1DC7260200C807DD /* FSCalendarCollectionViewLayout.m */,
				4CA9E9BB1DC7260200C807DD /* FSCalendarConstants.h */,
				4CA9E9BC1DC7260200C807DD /* FSCalendarConstants.m */,
				4CA9E9BD1DC7260200C807DD /* FSCalendarDynamicHeader.h */,
				4CA9E9BE1DC7260200C807DD /* FSCalendarExtensions.h */,
				4CA9E9BF1DC7260200C807DD /* FSCalendarExtensions.m */,
				4CA9E9C01DC7260200C807DD /* FSCalendarHeader.h */,
				4CA9E9C11DC7260200C807DD /* FSCalendarHeader.m */,
				4CA9E9C21DC7260200C807DD /* FSCalendarScopeHandle.h */,
				4CA9E9C31DC7260200C807DD /* FSCalendarScopeHandle.m */,
				4CA9E9C41DC7260200C807DD /* FSCalendarStickyHeader.h */,
				4CA9E9C51DC7260200C807DD /* FSCalendarStickyHeader.m */,
				4CA9E9D41DC73C9500C807DD /* Info.plist */,
			);
			path = FSCalendar;
			sourceTree = "<group>";
		};
		4CB84AFF1EA4629900705FA8 /* Frameworks */ = {
			isa = PBXGroup;
			children = (
				4CB84B001EA4629900705FA8 /* CloudKit.framework */,
			);
			name = Frameworks;
			sourceTree = "<group>";
		};
		4CB84B081EAD99D400705FA8 /* MBProgressHUD */ = {
			isa = PBXGroup;
			children = (
				4CB84B051EAD994500705FA8 /* MBProgressHUD.h */,
				4CB84B061EAD994500705FA8 /* MBProgressHUD.m */,
			);
			name = MBProgressHUD;
			sourceTree = "<group>";
		};
		4CD132A31CECAFF200EAA381 = {
			isa = PBXGroup;
			children = (
				4CD132AE1CECAFF200EAA381 /* Life Journey */,
				4CD132AD1CECAFF200EAA381 /* Products */,
				4CB84AFF1EA4629900705FA8 /* Frameworks */,
			);
			sourceTree = "<group>";
		};
		4CD132AD1CECAFF200EAA381 /* Products */ = {
			isa = PBXGroup;
			children = (
				4CD132AC1CECAFF200EAA381 /* Life Journey.app */,
			);
			name = Products;
			sourceTree = "<group>";
		};
		4CD132AE1CECAFF200EAA381 /* Life Journey */ = {
			isa = PBXGroup;
			children = (
				4CB84B081EAD99D400705FA8 /* MBProgressHUD */,
				4CA9E9AD1DC7260200C807DD /* FSCalendar */,
				4C0439D31DDC57BB00EF10E6 /* model */,
				4CD132B21CECAFF200EAA381 /* AppDelegate.h */,
				4CD132B31CECAFF200EAA381 /* AppDelegate.m */,
				4CD132D41CF4AD9B00EAA381 /* LJTabBar.h */,
				4CD132D51CF4AD9B00EAA381 /* LJTabBar.m */,
				4CD132D71CF4AE7200EAA381 /* mainViewController.h */,
				4CD132D81CF4AE7200EAA381 /* mainViewController.m */,
				4CD133161D005F7300EAA381 /* LJCalendarViewController.h */,
				4CD133171D005F7300EAA381 /* LJCalendarViewController.m */,
				4CD133131CFBF85700EAA381 /* LJJournalListTableViewController.h */,
				4CD133141CFBF85700EAA381 /* LJJournalListTableViewController.m */,
				4CD133101CF5FE0600EAA381 /* LJTextViewController.h */,
				4CD133111CF5FE0600EAA381 /* LJTextViewController.m */,
				4C68C8291DB4C14800B4E835 /* LJEditViewController.h */,
				4C68C82A1DB4C14800B4E835 /* LJEditViewController.m */,
				4CAF3CA91DE2D13D00C43569 /* LJSettingViewController.h */,
				4CAF3CAA1DE2D13D00C43569 /* LJSettingViewController.m */,
				4CAF3CA51DDEB71400C43569 /* LJFontSettingViewController.h */,
				4CAF3CA61DDEB71400C43569 /* LJFontSettingViewController.m */,
				4CAF3CA31DDEB71400C43569 /* LJFontSettingTableViewCell.h */,
				4CAF3CA41DDEB71400C43569 /* LJFontSettingTableViewCell.m */,
				4CAF3CAF1DE2E88E00C43569 /* LJPasswordSettingViewController.h */,
				4CAF3CB01DE2E88E00C43569 /* LJPasswordSettingViewController.m */,
				4CAF3CBD1DE6CD7300C43569 /* LJPasswordViewController.h */,
				4CAF3CBE1DE6CD7300C43569 /* LJPasswordViewController.m */,
				4C2B1D831DFD52A500F633ED /* LJPasswordViewController.xib */,
				4CD133241D183C2000EAA381 /* LJTableViewCell.h */,
				4CD133251D183C2000EAA381 /* LJTableViewCell.m */,
				4CD133261D183C2000EAA381 /* LJTableViewCell.xib */,
				4CD132DD1CF5934400EAA381 /* Main.storyboard */,
				4C97F0331DFA52DD00396810 /* Info.plist */,
				4CD133191D006CD500EAA381 /* Assets.xcassets */,
				4CD132AF1CECAFF200EAA381 /* Supporting Files */,
			);
			path = "Life Journey";
			sourceTree = "<group>";
		};
		4CD132AF1CECAFF200EAA381 /* Supporting Files */ = {
			isa = PBXGroup;
			children = (
				4CB84AFB1E6E563600705FA8 /* Life Journey.entitlements */,
				4C2B1D881DFF8AD400F633ED /* external fonts */,
				4C97F02C1DFA4DBD00396810 /* Localizable.strings */,
				4CD132B01CECAFF200EAA381 /* main.m */,
			);
			name = "Supporting Files";
			sourceTree = "<group>";
		};
/* End PBXGroup section */

/* Begin PBXNativeTarget section */
		4CD132AB1CECAFF200EAA381 /* Life Journey */ = {
			isa = PBXNativeTarget;
			buildConfigurationList = 4CD132C31CECAFF200EAA381 /* Build configuration list for PBXNativeTarget "Life Journey" */;
			buildPhases = (
				4CD132A81CECAFF200EAA381 /* Sources */,
				4CD132A91CECAFF200EAA381 /* Frameworks */,
				4CD132AA1CECAFF200EAA381 /* Resources */,
			);
			buildRules = (
			);
			dependencies = (
			);
			name = "Life Journey";
			productName = "Life Journey";
			productReference = 4CD132AC1CECAFF200EAA381 /* Life Journey.app */;
			productType = "com.apple.product-type.application";
		};
/* End PBXNativeTarget section */

/* Begin PBXProject section */
		4CD132A41CECAFF200EAA381 /* Project object */ = {
			isa = PBXProject;
			attributes = {
				LastUpgradeCheck = 0820;
				ORGANIZATIONNAME = Michael_Hong;
				TargetAttributes = {
					4CD132AB1CECAFF200EAA381 = {
						CreatedOnToolsVersion = 7.2;
						DevelopmentTeam = LH4F8M62BB;
						ProvisioningStyle = Manual;
						SystemCapabilities = {
							com.apple.Push = {
								enabled = 1;
							};
							com.apple.iCloud = {
								enabled = 1;
							};
						};
					};
				};
			};
			buildConfigurationList = 4CD132A71CECAFF200EAA381 /* Build configuration list for PBXProject "Life Journey" */;
			compatibilityVersion = "Xcode 3.2";
			developmentRegion = English;
			hasScannedForEncodings = 0;
			knownRegions = (
				en,
				Base,
				"zh-Hans",
				"zh-Hant",
			);
			mainGroup = 4CD132A31CECAFF200EAA381;
			productRefGroup = 4CD132AD1CECAFF200EAA381 /* Products */;
			projectDirPath = "";
			projectRoot = "";
			targets = (
				4CD132AB1CECAFF200EAA381 /* Life Journey */,
			);
		};
/* End PBXProject section */

/* Begin PBXResourcesBuildPhase section */
		4CD132AA1CECAFF200EAA381 /* Resources */ = {
			isa = PBXResourcesBuildPhase;
			buildActionMask = 2147483647;
			files = (
				4C2B1D8A1DFF8AFF00F633ED /* HYFangLiJ.ttf in Resources */,
				4CD132DE1CF5934400EAA381 /* Main.storyboard in Resources */,
				4CD133281D183C2000EAA381 /* LJTableViewCell.xib in Resources */,
				4CD1331A1D006CD500EAA381 /* Assets.xcassets in Resources */,
				4CA9E9D51DC73C9500C807DD /* Info.plist in Resources */,
				4C2B1D8E1DFF9CEA00F633ED /* Droid San.ttf in Resources */,
				4C97F02A1DFA4DBD00396810 /* Localizable.strings in Resources */,
				4C2B1D811DFD52A500F633ED /* LJPasswordViewController.xib in Resources */,
			);
			runOnlyForDeploymentPostprocessing = 0;
		};
/* End PBXResourcesBuildPhase section */

/* Begin PBXSourcesBuildPhase section */
		4CD132A81CECAFF200EAA381 /* Sources */ = {
			isa = PBXSourcesBuildPhase;
			buildActionMask = 2147483647;
			files = (
				4CD133181D005F7300EAA381 /* LJCalendarViewController.m in Sources */,
				4CD133271D183C2000EAA381 /* LJTableViewCell.m in Sources */,
				4CAF3CAE1DE2E24800C43569 /* passwordStore.m in Sources */,
				4CD133151CFBF85700EAA381 /* LJJournalListTableViewController.m in Sources */,
				4C68C82B1DB4C14800B4E835 /* LJEditViewController.m in Sources */,
				4CD132B41CECAFF200EAA381 /* AppDelegate.m in Sources */,
				4CD132B11CECAFF200EAA381 /* main.m in Sources */,
				4CAF3CAB1DE2D13D00C43569 /* LJSettingViewController.m in Sources */,
				4CA9E9CB1DC7260200C807DD /* FSCalendarCell.m in Sources */,
				4CA9E9CE1DC7260200C807DD /* FSCalendarConstants.m in Sources */,
				4CAF3CC41DEC2C4000C43569 /* password.m in Sources */,
				4CA9E9CC1DC7260200C807DD /* FSCalendarCollectionView.m in Sources */,
				4CAF3CA71DDEB71400C43569 /* LJFontSettingTableViewCell.m in Sources */,
				4CAF3CA81DDEB71400C43569 /* LJFontSettingViewController.m in Sources */,
				4CD133341D22C9DD00EAA381 /* journalStore.m in Sources */,
				4CD133301D22C73800EAA381 /* journal+CoreDataProperties.m in Sources */,
				4CA9E9D11DC7260200C807DD /* FSCalendarScopeHandle.m in Sources */,
				4CD132D61CF4AD9B00EAA381 /* LJTabBar.m in Sources */,
				4CD133121CF5FE0600EAA381 /* LJTextViewController.m in Sources */,
				4CD132D91CF4AE7200EAA381 /* mainViewController.m in Sources */,
				4CA9E9C71DC7260200C807DD /* FSCalendar+Deprecated.m in Sources */,
				4CA9E9CA1DC7260200C807DD /* FSCalendarAppearance.m in Sources */,
				4CA9E9CF1DC7260200C807DD /* FSCalendarExtensions.m in Sources */,
				4CA9E9D01DC7260200C807DD /* FSCalendarHeader.m in Sources */,
				4CD1332B1D22C1A400EAA381 /* Model.xcdatamodeld in Sources */,
				4CB84B071EAD994500705FA8 /* MBProgressHUD.m in Sources */,
				4CAF3CB11DE2E88F00C43569 /* LJPasswordSettingViewController.m in Sources */,
				4CA9E9C91DC7260200C807DD /* FSCalendarAnimator.m in Sources */,
				4CA9E9D21DC7260200C807DD /* FSCalendarStickyHeader.m in Sources */,
				4CD133311D22C73800EAA381 /* journal.m in Sources */,
				4CAF3CC01DE6CD7300C43569 /* LJPasswordViewController.m in Sources */,
				4CA9E9CD1DC7260200C807DD /* FSCalendarCollectionViewLayout.m in Sources */,
				4CA9E9C81DC7260200C807DD /* FSCalendar.m in Sources */,
			);
			runOnlyForDeploymentPostprocessing = 0;
		};
/* End PBXSourcesBuildPhase section */

/* Begin PBXVariantGroup section */
		4C2B1D831DFD52A500F633ED /* LJPasswordViewController.xib */ = {
			isa = PBXVariantGroup;
			children = (
				4C2B1D821DFD52A500F633ED /* Base */,
				4C2B1D851DFD52A900F633ED /* zh-Hans */,
				4C2B1D871DFD52C000F633ED /* en */,
				4C5E51701ECAD5B300BB513B /* zh-Hant */,
			);
			name = LJPasswordViewController.xib;
			sourceTree = "<group>";
		};
		4C97F02C1DFA4DBD00396810 /* Localizable.strings */ = {
			isa = PBXVariantGroup;
			children = (
				4C97F02B1DFA4DBD00396810 /* en */,
				4C97F02D1DFA4DBE00396810 /* zh-Hans */,
				4C5E51711ECAD5B300BB513B /* zh-Hant */,
			);
			name = Localizable.strings;
			path = ..;
			sourceTree = "<group>";
		};
/* End PBXVariantGroup section */

/* Begin XCBuildConfiguration section */
		4CD132C11CECAFF200EAA381 /* Debug */ = {
			isa = XCBuildConfiguration;
			buildSettings = {
				ALWAYS_SEARCH_USER_PATHS = NO;
				CLANG_ANALYZER_LOCALIZABILITY_NONLOCALIZED = YES;
				CLANG_CXX_LANGUAGE_STANDARD = "gnu++0x";
				CLANG_CXX_LIBRARY = "libc++";
				CLANG_ENABLE_MODULES = YES;
				CLANG_ENABLE_OBJC_ARC = YES;
				CLANG_WARN_BOOL_CONVERSION = YES;
				CLANG_WARN_CONSTANT_CONVERSION = YES;
				CLANG_WARN_DIRECT_OBJC_ISA_USAGE = YES_ERROR;
				CLANG_WARN_EMPTY_BODY = YES;
				CLANG_WARN_ENUM_CONVERSION = YES;
				CLANG_WARN_INFINITE_RECURSION = YES;
				CLANG_WARN_INT_CONVERSION = YES;
				CLANG_WARN_OBJC_ROOT_CLASS = YES_ERROR;
				CLANG_WARN_SUSPICIOUS_MOVE = YES;
				CLANG_WARN_UNREACHABLE_CODE = YES;
				CLANG_WARN__DUPLICATE_METHOD_MATCH = YES;
				CODE_SIGN_IDENTITY = "iPhone Developer";
				"CODE_SIGN_IDENTITY[sdk=iphoneos*]" = "iPhone Developer";
				COPY_PHASE_STRIP = NO;
				DEBUG_INFORMATION_FORMAT = dwarf;
				ENABLE_STRICT_OBJC_MSGSEND = YES;
				ENABLE_TESTABILITY = YES;
				GCC_C_LANGUAGE_STANDARD = gnu99;
				GCC_DYNAMIC_NO_PIC = NO;
				GCC_NO_COMMON_BLOCKS = YES;
				GCC_OPTIMIZATION_LEVEL = 0;
				GCC_PREPROCESSOR_DEFINITIONS = (
					"DEBUG=1",
					"$(inherited)",
				);
				GCC_WARN_64_TO_32_BIT_CONVERSION = YES;
				GCC_WARN_ABOUT_RETURN_TYPE = YES_ERROR;
				GCC_WARN_UNDECLARED_SELECTOR = YES;
				GCC_WARN_UNINITIALIZED_AUTOS = YES_AGGRESSIVE;
				GCC_WARN_UNUSED_FUNCTION = YES;
				GCC_WARN_UNUSED_VARIABLE = YES;
				IPHONEOS_DEPLOYMENT_TARGET = 9.2;
				MTL_ENABLE_DEBUG_INFO = YES;
				ONLY_ACTIVE_ARCH = YES;
				SDKROOT = iphoneos;
			};
			name = Debug;
		};
		4CD132C21CECAFF200EAA381 /* Release */ = {
			isa = XCBuildConfiguration;
			buildSettings = {
				ALWAYS_SEARCH_USER_PATHS = NO;
				CLANG_ANALYZER_LOCALIZABILITY_NONLOCALIZED = YES;
				CLANG_CXX_LANGUAGE_STANDARD = "gnu++0x";
				CLANG_CXX_LIBRARY = "libc++";
				CLANG_ENABLE_MODULES = YES;
				CLANG_ENABLE_OBJC_ARC = YES;
				CLANG_WARN_BOOL_CONVERSION = YES;
				CLANG_WARN_CONSTANT_CONVERSION = YES;
				CLANG_WARN_DIRECT_OBJC_ISA_USAGE = YES_ERROR;
				CLANG_WARN_EMPTY_BODY = YES;
				CLANG_WARN_ENUM_CONVERSION = YES;
				CLANG_WARN_INFINITE_RECURSION = YES;
				CLANG_WARN_INT_CONVERSION = YES;
				CLANG_WARN_OBJC_ROOT_CLASS = YES_ERROR;
				CLANG_WARN_SUSPICIOUS_MOVE = YES;
				CLANG_WARN_UNREACHABLE_CODE = YES;
				CLANG_WARN__DUPLICATE_METHOD_MATCH = YES;
				CODE_SIGN_IDENTITY = "iPhone Developer";
				"CODE_SIGN_IDENTITY[sdk=iphoneos*]" = "iPhone Developer";
				COPY_PHASE_STRIP = NO;
				DEBUG_INFORMATION_FORMAT = "dwarf-with-dsym";
				ENABLE_NS_ASSERTIONS = NO;
				ENABLE_STRICT_OBJC_MSGSEND = YES;
				GCC_C_LANGUAGE_STANDARD = gnu99;
				GCC_NO_COMMON_BLOCKS = YES;
				GCC_WARN_64_TO_32_BIT_CONVERSION = YES;
				GCC_WARN_ABOUT_RETURN_TYPE = YES_ERROR;
				GCC_WARN_UNDECLARED_SELECTOR = YES;
				GCC_WARN_UNINITIALIZED_AUTOS = YES_AGGRESSIVE;
				GCC_WARN_UNUSED_FUNCTION = YES;
				GCC_WARN_UNUSED_VARIABLE = YES;
				IPHONEOS_DEPLOYMENT_TARGET = 9.2;
				MTL_ENABLE_DEBUG_INFO = NO;
				ONLY_ACTIVE_ARCH = YES;
				SDKROOT = iphoneos;
				VALIDATE_PRODUCT = YES;
			};
			name = Release;
		};
		4CD132C41CECAFF200EAA381 /* Debug */ = {
			isa = XCBuildConfiguration;
			buildSettings = {
				ASSETCATALOG_COMPILER_APPICON_NAME = AppIcon;
				ASSETCATALOG_COMPILER_LAUNCHIMAGE_NAME = LaunchImage;
				CODE_SIGN_ENTITLEMENTS = "Life Journey/Life Journey.entitlements";
				CODE_SIGN_IDENTITY = "";
				"CODE_SIGN_IDENTITY[sdk=iphoneos*]" = "iPhone Developer";
				DEVELOPMENT_TEAM = LH4F8M62BB;
				INFOPLIST_FILE = "Life Journey/Info.plist";
				LD_RUNPATH_SEARCH_PATHS = "$(inherited) @executable_path/Frameworks";
				PRODUCT_BUNDLE_IDENTIFIER = com.MichaelXiong.LifeJourney;
				PRODUCT_NAME = "$(TARGET_NAME)";
				PROVISIONING_PROFILE = "00f77456-f6b1-49ff-8c8f-accf392dfe31";
				PROVISIONING_PROFILE_SPECIFIER = LJDevProvision;
			};
			name = Debug;
		};
		4CD132C51CECAFF200EAA381 /* Release */ = {
			isa = XCBuildConfiguration;
			buildSettings = {
				ASSETCATALOG_COMPILER_APPICON_NAME = AppIcon;
				ASSETCATALOG_COMPILER_LAUNCHIMAGE_NAME = LaunchImage;
				CODE_SIGN_ENTITLEMENTS = "Life Journey/Life Journey.entitlements";
				CODE_SIGN_IDENTITY = "iPhone Distribution";
				"CODE_SIGN_IDENTITY[sdk=iphoneos*]" = "iPhone Distribution";
				DEVELOPMENT_TEAM = LH4F8M62BB;
				INFOPLIST_FILE = "Life Journey/Info.plist";
				LD_RUNPATH_SEARCH_PATHS = "$(inherited) @executable_path/Frameworks";
				PRODUCT_BUNDLE_IDENTIFIER = com.MichaelXiong.LifeJourney;
				PRODUCT_NAME = "$(TARGET_NAME)";
				PROVISIONING_PROFILE = "462cad57-441b-4677-a198-3243ef3b053a";
				PROVISIONING_PROFILE_SPECIFIER = LJDisProvision;
			};
			name = Release;
		};
/* End XCBuildConfiguration section */

/* Begin XCConfigurationList section */
		4CD132A71CECAFF200EAA381 /* Build configuration list for PBXProject "Life Journey" */ = {
			isa = XCConfigurationList;
			buildConfigurations = (
				4CD132C11CECAFF200EAA381 /* Debug */,
				4CD132C21CECAFF200EAA381 /* Release */,
			);
			defaultConfigurationIsVisible = 0;
			defaultConfigurationName = Release;
		};
		4CD132C31CECAFF200EAA381 /* Build configuration list for PBXNativeTarget "Life Journey" */ = {
			isa = XCConfigurationList;
			buildConfigurations = (
				4CD132C41CECAFF200EAA381 /* Debug */,
				4CD132C51CECAFF200EAA381 /* Release */,
			);
			defaultConfigurationIsVisible = 0;
			defaultConfigurationName = Release;
		};
/* End XCConfigurationList section */

/* Begin XCVersionGroup section */
		4CD133291D22C1A400EAA381 /* Model.xcdatamodeld */ = {
			isa = XCVersionGroup;
			children = (
				4CD1332A1D22C1A400EAA381 /* Model.xcdatamodel */,
			);
			currentVersion = 4CD1332A1D22C1A400EAA381 /* Model.xcdatamodel */;
			path = Model.xcdatamodeld;
			sourceTree = "<group>";
			versionGroupType = wrapper.xcdatamodel;
		};
/* End XCVersionGroup section */
	};
	rootObject = 4CD132A41CECAFF200EAA381 /* Project object */;
}
